// !$*UTF8*$!
{
	archiveVersion = 1;
	classes = {
	};
	objectVersion = 51;
	objects = {

/* Begin PBXBuildFile section */
		5F93EE5598B9F3483C893AC6 /* Pods_InstaCloneFireBase.framework in Frameworks */ = {isa = PBXBuildFile; fileRef = 5B701C4A1F4B415D7DE46BD5 /* Pods_InstaCloneFireBase.framework */; };
		6B37DB8C257CEC6A00783BFD /* FeedCell.swift in Sources */ = {isa = PBXBuildFile; fileRef = 6B37DB8B257CEC6A00783BFD /* FeedCell.swift */; };
		6B38FF87257BCF5000384D47 /* AppDelegate.swift in Sources */ = {isa = PBXBuildFile; fileRef = 6B38FF86257BCF5000384D47 /* AppDelegate.swift */; };
		6B38FF89257BCF5000384D47 /* SceneDelegate.swift in Sources */ = {isa = PBXBuildFile; fileRef = 6B38FF88257BCF5000384D47 /* SceneDelegate.swift */; };
		6B38FF8B257BCF5000384D47 /* ViewController.swift in Sources */ = {isa = PBXBuildFile; fileRef = 6B38FF8A257BCF5000384D47 /* ViewController.swift */; };
		6B38FF8E257BCF5000384D47 /* Main.storyboard in Resources */ = {isa = PBXBuildFile; fileRef = 6B38FF8C257BCF5000384D47 /* Main.storyboard */; };
		6B38FF90257BCF5100384D47 /* Assets.xcassets in Resources */ = {isa = PBXBuildFile; fileRef = 6B38FF8F257BCF5100384D47 /* Assets.xcassets */; };
		6B38FF93257BCF5100384D47 /* LaunchScreen.storyboard in Resources */ = {isa = PBXBuildFile; fileRef = 6B38FF91257BCF5100384D47 /* LaunchScreen.storyboard */; };
		6B38FF9C257BD1ED00384D47 /* GoogleService-Info.plist in Resources */ = {isa = PBXBuildFile; fileRef = 6B38FF9B257BD1ED00384D47 /* GoogleService-Info.plist */; };
		6BA87529257BE526004D2203 /* FeedViewController.swift in Sources */ = {isa = PBXBuildFile; fileRef = 6BA87528257BE526004D2203 /* FeedViewController.swift */; };
		6BA8752C257BE531004D2203 /* UploadViewController.swift in Sources */ = {isa = PBXBuildFile; fileRef = 6BA8752B257BE531004D2203 /* UploadViewController.swift */; };
		6BA8752F257BE53D004D2203 /* SettingsViewController.swift in Sources */ = {isa = PBXBuildFile; fileRef = 6BA8752E257BE53D004D2203 /* SettingsViewController.swift */; };
/* End PBXBuildFile section */

/* Begin PBXFileReference section */
		10F8D880516ECF4ABF180B00 /* Pods-InstaCloneFireBase.release.xcconfig */ = {isa = PBXFileReference; includeInIndex = 1; lastKnownFileType = text.xcconfig; name = "Pods-InstaCloneFireBase.release.xcconfig"; path = "Target Support Files/Pods-InstaCloneFireBase/Pods-InstaCloneFireBase.release.xcconfig"; sourceTree = "<group>"; };
		31ABB520053CA2957B5B796C /* Pods-InstaCloneFireBase.debug.xcconfig */ = {isa = PBXFileReference; includeInIndex = 1; lastKnownFileType = text.xcconfig; name = "Pods-InstaCloneFireBase.debug.xcconfig"; path = "Target Support Files/Pods-InstaCloneFireBase/Pods-InstaCloneFireBase.debug.xcconfig"; sourceTree = "<group>"; };
		5B701C4A1F4B415D7DE46BD5 /* Pods_InstaCloneFireBase.framework */ = {isa = PBXFileReference; explicitFileType = wrapper.framework; includeInIndex = 0; path = Pods_InstaCloneFireBase.framework; sourceTree = BUILT_PRODUCTS_DIR; };
		6B37DB8B257CEC6A00783BFD /* FeedCell.swift */ = {isa = PBXFileReference; lastKnownFileType = sourcecode.swift; path = FeedCell.swift; sourceTree = "<group>"; };
		6B38FF83257BCF5000384D47 /* InstaCloneFireBase.app */ = {isa = PBXFileReference; explicitFileType = wrapper.application; includeInIndex = 0; path = InstaCloneFireBase.app; sourceTree = BUILT_PRODUCTS_DIR; };
		6B38FF86257BCF5000384D47 /* AppDelegate.swift */ = {isa = PBXFileReference; lastKnownFileType = sourcecode.swift; path = AppDelegate.swift; sourceTree = "<group>"; };
		6B38FF88257BCF5000384D47 /* SceneDelegate.swift */ = {isa = PBXFileReference; lastKnownFileType = sourcecode.swift; path = SceneDelegate.swift; sourceTree = "<group>"; };
		6B38FF8A257BCF5000384D47 /* ViewController.swift */ = {isa = PBXFileReference; lastKnownFileType = sourcecode.swift; path = ViewController.swift; sourceTree = "<group>"; };
		6B38FF8D257BCF5000384D47 /* Base */ = {isa = PBXFileReference; lastKnownFileType = file.storyboard; name = Base; path = Base.lproj/Main.storyboard; sourceTree = "<group>"; };
		6B38FF8F257BCF5100384D47 /* Assets.xcassets */ = {isa = PBXFileReference; lastKnownFileType = folder.assetcatalog; path = Assets.xcassets; sourceTree = "<group>"; };
		6B38FF92257BCF5100384D47 /* Base */ = {isa = PBXFileReference; lastKnownFileType = file.storyboard; name = Base; path = Base.lproj/LaunchScreen.storyboard; sourceTree = "<group>"; };
		6B38FF94257BCF5100384D47 /* Info.plist */ = {isa = PBXFileReference; lastKnownFileType = text.plist.xml; path = Info.plist; sourceTree = "<group>"; };
		6B38FF9B257BD1ED00384D47 /* GoogleService-Info.plist */ = {isa = PBXFileReference; fileEncoding = 4; lastKnownFileType = text.plist.xml; path = "GoogleService-Info.plist"; sourceTree = "<group>"; };
		6BA87528257BE526004D2203 /* FeedViewController.swift */ = {isa = PBXFileReference; lastKnownFileType = sourcecode.swift; path = FeedViewController.swift; sourceTree = "<group>"; };
		6BA8752B257BE531004D2203 /* UploadViewController.swift */ = {isa = PBXFileReference; lastKnownFileType = sourcecode.swift; path = UploadViewController.swift; sourceTree = "<group>"; };
		6BA8752E257BE53D004D2203 /* SettingsViewController.swift */ = {isa = PBXFileReference; lastKnownFileType = sourcecode.swift; path = SettingsViewController.swift; sourceTree = "<group>"; };
/* End PBXFileReference section */

/* Begin PBXFrameworksBuildPhase section */
		6B38FF80257BCF5000384D47 /* Frameworks */ = {
			isa = PBXFrameworksBuildPhase;
			buildActionMask = 2147483647;
			files = (
				5F93EE5598B9F3483C893AC6 /* Pods_InstaCloneFireBase.framework in Frameworks */,
			);
			runOnlyForDeploymentPostprocessing = 0;
		};
/* End PBXFrameworksBuildPhase section */

/* Begin PBXGroup section */
		6B38FF7A257BCF5000384D47 = {
			isa = PBXGroup;
			children = (
				6B38FF85257BCF5000384D47 /* InstaCloneFireBase */,
				6B38FF84257BCF5000384D47 /* Products */,
				6F8BDB52CA1A6811811DA1AE /* Pods */,
				F9D172F05CF174F3718DE016 /* Frameworks */,
			);
			sourceTree = "<group>";
		};
		6B38FF84257BCF5000384D47 /* Products */ = {
			isa = PBXGroup;
			children = (
				6B38FF83257BCF5000384D47 /* InstaCloneFireBase.app */,
			);
			name = Products;
			sourceTree = "<group>";
		};
		6B38FF85257BCF5000384D47 /* InstaCloneFireBase */ = {
			isa = PBXGroup;
			children = (
				6B38FF86257BCF5000384D47 /* AppDelegate.swift */,
				6B38FF88257BCF5000384D47 /* SceneDelegate.swift */,
				6B7F6506257D263600EEB5F3 /* Controllers */,
				6B38FF8C257BCF5000384D47 /* Main.storyboard */,
				6B38FF8F257BCF5100384D47 /* Assets.xcassets */,
				6B38FF91257BCF5100384D47 /* LaunchScreen.storyboard */,
				6B38FF94257BCF5100384D47 /* Info.plist */,
				6B38FF9B257BD1ED00384D47 /* GoogleService-Info.plist */,
			);
			path = InstaCloneFireBase;
			sourceTree = "<group>";
		};
		6B7F6506257D263600EEB5F3 /* Controllers */ = {
			isa = PBXGroup;
			children = (
				6B38FF8A257BCF5000384D47 /* ViewController.swift */,
				6BA87528257BE526004D2203 /* FeedViewController.swift */,
				6BA8752E257BE53D004D2203 /* SettingsViewController.swift */,
				6BA8752B257BE531004D2203 /* UploadViewController.swift */,
				6B37DB8B257CEC6A00783BFD /* FeedCell.swift */,
			);
			path = Controllers;
			sourceTree = "<group>";
		};
		6F8BDB52CA1A6811811DA1AE /* Pods */ = {
			isa = PBXGroup;
			children = (
				31ABB520053CA2957B5B796C /* Pods-InstaCloneFireBase.debug.xcconfig */,
				10F8D880516ECF4ABF180B00 /* Pods-InstaCloneFireBase.release.xcconfig */,
			);
			path = Pods;
			sourceTree = "<group>";
		};
		F9D172F05CF174F3718DE016 /* Frameworks */ = {
			isa = PBXGroup;
			children = (
				5B701C4A1F4B415D7DE46BD5 /* Pods_InstaCloneFireBase.framework */,
			);
			name = Frameworks;
			sourceTree = "<group>";
		};
/* End PBXGroup section */

/* Begin PBXNativeTarget section */
		6B38FF82257BCF5000384D47 /* InstaCloneFireBase */ = {
			isa = PBXNativeTarget;
			buildConfigurationList = 6B38FF97257BCF5100384D47 /* Build configuration list for PBXNativeTarget "InstaCloneFireBase" */;
			buildPhases = (
				CB2374F630D298D299592D24 /* [CP] Check Pods Manifest.lock */,
				6B38FF7F257BCF5000384D47 /* Sources */,
				6B38FF80257BCF5000384D47 /* Frameworks */,
				6B38FF81257BCF5000384D47 /* Resources */,
				BE40FA9FF6049D34EE652A8C /* [CP] Embed Pods Frameworks */,
			);
			buildRules = (
			);
			dependencies = (
			);
			name = InstaCloneFireBase;
			productName = InstaCloneFireBase;
			productReference = 6B38FF83257BCF5000384D47 /* InstaCloneFireBase.app */;
			productType = "com.apple.product-type.application";
		};
/* End PBXNativeTarget section */

/* Begin PBXProject section */
		6B38FF7B257BCF5000384D47 /* Project object */ = {
			isa = PBXProject;
			attributes = {
				LastSwiftUpdateCheck = 1220;
				LastUpgradeCheck = 1220;
				TargetAttributes = {
					6B38FF82257BCF5000384D47 = {
						CreatedOnToolsVersion = 12.2;
					};
				};
			};
			buildConfigurationList = 6B38FF7E257BCF5000384D47 /* Build configuration list for PBXProject "InstaCloneFireBase" */;
			compatibilityVersion = "Xcode 9.3";
			developmentRegion = en;
			hasScannedForEncodings = 0;
			knownRegions = (
				en,
				Base,
			);
			mainGroup = 6B38FF7A257BCF5000384D47;
			productRefGroup = 6B38FF84257BCF5000384D47 /* Products */;
			projectDirPath = "";
			projectRoot = "";
			targets = (
				6B38FF82257BCF5000384D47 /* InstaCloneFireBase */,
			);
		};
/* End PBXProject section */

/* Begin PBXResourcesBuildPhase section */
		6B38FF81257BCF5000384D47 /* Resources */ = {
			isa = PBXResourcesBuildPhase;
			buildActionMask = 2147483647;
			files = (
				6B38FF93257BCF5100384D47 /* LaunchScreen.storyboard in Resources */,
				6B38FF9C257BD1ED00384D47 /* GoogleService-Info.plist in Resources */,
				6B38FF90257BCF5100384D47 /* Assets.xcassets in Resources */,
				6B38FF8E257BCF5000384D47 /* Main.storyboard in Resources */,
			);
			runOnlyForDeploymentPostprocessing = 0;
		};
/* End PBXResourcesBuildPhase section */

/* Begin PBXShellScriptBuildPhase section */
		BE40FA9FF6049D34EE652A8C /* [CP] Embed Pods Frameworks */ = {
			isa = PBXShellScriptBuildPhase;
			buildActionMask = 2147483647;
			files = (
			);
			inputFileListPaths = (
				"${PODS_ROOT}/Target Support Files/Pods-InstaCloneFireBase/Pods-InstaCloneFireBase-frameworks-${CONFIGURATION}-input-files.xcfilelist",
			);
			name = "[CP] Embed Pods Frameworks";
			outputFileListPaths = (
				"${PODS_ROOT}/Target Support Files/Pods-InstaCloneFireBase/Pods-InstaCloneFireBase-frameworks-${CONFIGURATION}-output-files.xcfilelist",
			);
			runOnlyForDeploymentPostprocessing = 0;
			shellPath = /bin/sh;
			shellScript = "\"${PODS_ROOT}/Target Support Files/Pods-InstaCloneFireBase/Pods-InstaCloneFireBase-frameworks.sh\"\n";
			showEnvVarsInLog = 0;
		};
		CB2374F630D298D299592D24 /* [CP] Check Pods Manifest.lock */ = {
			isa = PBXShellScriptBuildPhase;
			buildActionMask = 2147483647;
			files = (
			);
			inputFileListPaths = (
			);
			inputPaths = (
				"${PODS_PODFILE_DIR_PATH}/Podfile.lock",
				"${PODS_ROOT}/Manifest.lock",
			);
			name = "[CP] Check Pods Manifest.lock";
			outputFileListPaths = (
			);
			outputPaths = (
				"$(DERIVED_FILE_DIR)/Pods-InstaCloneFireBase-checkManifestLockResult.txt",
			);
			runOnlyForDeploymentPostprocessing = 0;
			shellPath = /bin/sh;
			shellScript = "diff \"${PODS_PODFILE_DIR_PATH}/Podfile.lock\" \"${PODS_ROOT}/Manifest.lock\" > /dev/null\nif [ $? != 0 ] ; then\n    # print error to STDERR\n    echo \"error: The sandbox is not in sync with the Podfile.lock. Run 'pod install' or update your CocoaPods installation.\" >&2\n    exit 1\nfi\n# This output is used by Xcode 'outputs' to avoid re-running this script phase.\necho \"SUCCESS\" > \"${SCRIPT_OUTPUT_FILE_0}\"\n";
			showEnvVarsInLog = 0;
		};
/* End PBXShellScriptBuildPhase section */

/* Begin PBXSourcesBuildPhase section */
		6B38FF7F257BCF5000384D47 /* Sources */ = {
			isa = PBXSourcesBuildPhase;
			buildActionMask = 2147483647;
			files = (
				6B37DB8C257CEC6A00783BFD /* FeedCell.swift in Sources */,
				6B38FF8B257BCF5000384D47 /* ViewController.swift in Sources */,
				6BA8752C257BE531004D2203 /* UploadViewController.swift in Sources */,
				6B38FF87257BCF5000384D47 /* AppDelegate.swift in Sources */,
				6BA87529257BE526004D2203 /* FeedViewController.swift in Sources */,
				6B38FF89257BCF5000384D47 /* SceneDelegate.swift in Sources */,
				6BA8752F257BE53D004D2203 /* SettingsViewController.swift in Sources */,
			);
			runOnlyForDeploymentPostprocessing = 0;
		};
/* End PBXSourcesBuildPhase section */

/* Begin PBXVariantGroup section */
		6B38FF8C257BCF5000384D47 /* Main.storyboard */ = {
			isa = PBXVariantGroup;
			children = (
				6B38FF8D257BCF5000384D47 /* Base */,
			);
			name = Main.storyboard;
			sourceTree = "<group>";
		};
		6B38FF91257BCF5100384D47 /* LaunchScreen.storyboard */ = {
			isa = PBXVariantGroup;
			children = (
				6B38FF92257BCF5100384D47 /* Base */,
			);
			name = LaunchScreen.storyboard;
			sourceTree = "<group>";
		};
/* End PBXVariantGroup section */

/* Begin XCBuildConfiguration section */
		6B38FF95257BCF5100384D47 /* Debug */ = {
			isa = XCBuildConfiguration;
			buildSettings = {
				ALWAYS_SEARCH_USER_PATHS = NO;
				CLANG_ANALYZER_NONNULL = YES;
				CLANG_ANALYZER_NUMBER_OBJECT_CONVERSION = YES_AGGRESSIVE;
				CLANG_CXX_LANGUAGE_STANDARD = "gnu++14";
				CLANG_CXX_LIBRARY = "libc++";
				CLANG_ENABLE_MODULES = YES;
				CLANG_ENABLE_OBJC_ARC = YES;
				CLANG_ENABLE_OBJC_WEAK = YES;
				CLANG_WARN_BLOCK_CAPTURE_AUTORELEASING = YES;
				CLANG_WARN_BOOL_CONVERSION = YES;
				CLANG_WARN_COMMA = YES;
				CLANG_WARN_CONSTANT_CONVERSION = YES;
				CLANG_WARN_DEPRECATED_OBJC_IMPLEMENTATIONS = YES;
				CLANG_WARN_DIRECT_OBJC_ISA_USAGE = YES_ERROR;
				CLANG_WARN_DOCUMENTATION_COMMENTS = YES;
				CLANG_WARN_EMPTY_BODY = YES;
				CLANG_WARN_ENUM_CONVERSION = YES;
				CLANG_WARN_INFINITE_RECURSION = YES;
				CLANG_WARN_INT_CONVERSION = YES;
				CLANG_WARN_NON_LITERAL_NULL_CONVERSION = YES;
				CLANG_WARN_OBJC_IMPLICIT_RETAIN_SELF = YES;
				CLANG_WARN_OBJC_LITERAL_CONVERSION = YES;
				CLANG_WARN_OBJC_ROOT_CLASS = YES_ERROR;
				CLANG_WARN_QUOTED_INCLUDE_IN_FRAMEWORK_HEADER = YES;
				CLANG_WARN_RANGE_LOOP_ANALYSIS = YES;
				CLANG_WARN_STRICT_PROTOTYPES = YES;
				CLANG_WARN_SUSPICIOUS_MOVE = YES;
				CLANG_WARN_UNGUARDED_AVAILABILITY = YES_AGGRESSIVE;
				CLANG_WARN_UNREACHABLE_CODE = YES;
				CLANG_WARN__DUPLICATE_METHOD_MATCH = YES;
				COPY_PHASE_STRIP = NO;
				DEBUG_INFORMATION_FORMAT = dwarf;
				ENABLE_STRICT_OBJC_MSGSEND = YES;
				ENABLE_TESTABILITY = YES;
				GCC_C_LANGUAGE_STANDARD = gnu11;
				GCC_DYNAMIC_NO_PIC = NO;
				GCC_NO_COMMON_BLOCKS = YES;
				GCC_OPTIMIZATION_LEVEL = 0;
				GCC_PREPROCESSOR_DEFINITIONS = (
					"DEBUG=1",
					"$(inherited)",
				);
				GCC_WARN_64_TO_32_BIT_CONVERSION = YES;
				GCC_WARN_ABOUT_RETURN_TYPE = YES_ERROR;
				GCC_WARN_UNDECLARED_SELECTOR = YES;
				GCC_WARN_UNINITIALIZED_AUTOS = YES_AGGRESSIVE;
				GCC_WARN_UNUSED_FUNCTION = YES;
				GCC_WARN_UNUSED_VARIABLE = YES;
				IPHONEOS_DEPLOYMENT_TARGET = 14.2;
				MTL_ENABLE_DEBUG_INFO = INCLUDE_SOURCE;
				MTL_FAST_MATH = YES;
				ONLY_ACTIVE_ARCH = YES;
				SDKROOT = iphoneos;
				SWIFT_ACTIVE_COMPILATION_CONDITIONS = DEBUG;
				SWIFT_OPTIMIZATION_LEVEL = "-Onone";
			};
			name = Debug;
		};
		6B38FF96257BCF5100384D47 /* Release */ = {
			isa = XCBuildConfiguration;
			buildSettings = {
				ALWAYS_SEARCH_USER_PATHS = NO;
				CLANG_ANALYZER_NONNULL = YES;
				CLANG_ANALYZER_NUMBER_OBJECT_CONVERSION = YES_AGGRESSIVE;
				CLANG_CXX_LANGUAGE_STANDARD = "gnu++14";
				CLANG_CXX_LIBRARY = "libc++";
				CLANG_ENABLE_MODULES = YES;
				CLANG_ENABLE_OBJC_ARC = YES;
				CLANG_ENABLE_OBJC_WEAK = YES;
				CLANG_WARN_BLOCK_CAPTURE_AUTORELEASING = YES;
				CLANG_WARN_BOOL_CONVERSION = YES;
				CLANG_WARN_COMMA = YES;
				CLANG_WARN_CONSTANT_CONVERSION = YES;
				CLANG_WARN_DEPRECATED_OBJC_IMPLEMENTATIONS = YES;
				CLANG_WARN_DIRECT_OBJC_ISA_USAGE = YES_ERROR;
				CLANG_WARN_DOCUMENTATION_COMMENTS = YES;
				CLANG_WARN_EMPTY_BODY = YES;
				CLANG_WARN_ENUM_CONVERSION = YES;
				CLANG_WARN_INFINITE_RECURSION = YES;
				CLANG_WARN_INT_CONVERSION = YES;
				CLANG_WARN_NON_LITERAL_NULL_CONVERSION = YES;
				CLANG_WARN_OBJC_IMPLICIT_RETAIN_SELF = YES;
				CLANG_WARN_OBJC_LITERAL_CONVERSION = YES;
				CLANG_WARN_OBJC_ROOT_CLASS = YES_ERROR;
				CLANG_WARN_QUOTED_INCLUDE_IN_FRAMEWORK_HEADER = YES;
				CLANG_WARN_RANGE_LOOP_ANALYSIS = YES;
				CLANG_WARN_STRICT_PROTOTYPES = YES;
				CLANG_WARN_SUSPICIOUS_MOVE = YES;
				CLANG_WARN_UNGUARDED_AVAILABILITY = YES_AGGRESSIVE;
				CLANG_WARN_UNREACHABLE_CODE = YES;
				CLANG_WARN__DUPLICATE_METHOD_MATCH = YES;
				COPY_PHASE_STRIP = NO;
				DEBUG_INFORMATION_FORMAT = "dwarf-with-dsym";
				ENABLE_NS_ASSERTIONS = NO;
				ENABLE_STRICT_OBJC_MSGSEND = YES;
				GCC_C_LANGUAGE_STANDARD = gnu11;
				GCC_NO_COMMON_BLOCKS = YES;
				GCC_WARN_64_TO_32_BIT_CONVERSION = YES;
				GCC_WARN_ABOUT_RETURN_TYPE = YES_ERROR;
				GCC_WARN_UNDECLARED_SELECTOR = YES;
				GCC_WARN_UNINITIALIZED_AUTOS = YES_AGGRESSIVE;
				GCC_WARN_UNUSED_FUNCTION = YES;
				GCC_WARN_UNUSED_VARIABLE = YES;
				IPHONEOS_DEPLOYMENT_TARGET = 14.2;
				MTL_ENABLE_DEBUG_INFO = NO;
				MTL_FAST_MATH = YES;
				SDKROOT = iphoneos;
				SWIFT_COMPILATION_MODE = wholemodule;
				SWIFT_OPTIMIZATION_LEVEL = "-O";
				VALIDATE_PRODUCT = YES;
			};
			name = Release;
		};
		6B38FF98257BCF5100384D47 /* Debug */ = {
			isa = XCBuildConfiguration;
			baseConfigurationReference = 31ABB520053CA2957B5B796C /* Pods-InstaCloneFireBase.debug.xcconfig */;
			buildSettings = {
				ASSETCATALOG_COMPILER_APPICON_NAME = AppIcon;
				ASSETCATALOG_COMPILER_GLOBAL_ACCENT_COLOR_NAME = AccentColor;
				CODE_SIGN_STYLE = Automatic;
				DEVELOPMENT_TEAM = 4346B5982F;
				INFOPLIST_FILE = InstaCloneFireBase/Info.plist;
				LD_RUNPATH_SEARCH_PATHS = (
					"$(inherited)",
					"@executable_path/Frameworks",
				);
				PRODUCT_BUNDLE_IDENTIFIER = com.evomind.InstaCloneFireBase;
				PRODUCT_NAME = "$(TARGET_NAME)";
				SWIFT_VERSION = 5.0;
				TARGETED_DEVICE_FAMILY = "1,2";
			};
			name = Debug;
		};
		6B38FF99257BCF5100384D47 /* Release */ = {
			isa = XCBuildConfiguration;
			baseConfigurationReference = 10F8D880516ECF4ABF180B00 /* Pods-InstaCloneFireBase.release.xcconfig */;
			buildSettings = {
				ASSETCATALOG_COMPILER_APPICON_NAME = AppIcon;
				ASSETCATALOG_COMPILER_GLOBAL_ACCENT_COLOR_NAME = AccentColor;
				CODE_SIGN_STYLE = Automatic;
				DEVELOPMENT_TEAM = 4346B5982F;
				INFOPLIST_FILE = InstaCloneFireBase/Info.plist;
				LD_RUNPATH_SEARCH_PATHS = (
					"$(inherited)",
					"@executable_path/Frameworks",
				);
				PRODUCT_BUNDLE_IDENTIFIER = com.evomind.InstaCloneFireBase;
				PRODUCT_NAME = "$(TARGET_NAME)";
				SWIFT_VERSION = 5.0;
				TARGETED_DEVICE_FAMILY = "1,2";
			};
			name = Release;
		};
/* End XCBuildConfiguration section */

/* Begin XCConfigurationList section */
		6B38FF7E257BCF5000384D47 /* Build configuration list for PBXProject "InstaCloneFireBase" */ = {
			isa = XCConfigurationList;
			buildConfigurations = (
				6B38FF95257BCF5100384D47 /* Debug */,
				6B38FF96257BCF5100384D47 /* Release */,
			);
			defaultConfigurationIsVisible = 0;
			defaultConfigurationName = Release;
		};
		6B38FF97257BCF5100384D47 /* Build configuration list for PBXNativeTarget "InstaCloneFireBase" */ = {
			isa = XCConfigurationList;
			buildConfigurations = (
				6B38FF98257BCF5100384D47 /* Debug */,
				6B38FF99257BCF5100384D47 /* Release */,
			);
			defaultConfigurationIsVisible = 0;
			defaultConfigurationName = Release;
		};
/* End XCConfigurationList section */
	};
	rootObject = 6B38FF7B257BCF5000384D47 /* Project object */;
}
